
Microsoft Visual Studio Solution File, Format Version 12.00
# Visual Studio Version 16
VisualStudioVersion = 16.0.30406.217
MinimumVisualStudioVersion = 10.0.40219.1
Project("{9A19103F-16F7-4668-BE54-9A1E7A4F7556}") = "FitOl.Repository", "FitOl.Repository\FitOl.Repository.csproj", "{4CFDA4F7-5705-4625-B88A-7893C9F89B30}"
EndProject
Project("{9A19103F-16F7-4668-BE54-9A1E7A4F7556}") = "FitOl.Domain", "FitOl.Domain\FitOl.Domain.csproj", "{2C5493B9-3B7D-4CFE-AE8E-29036D1EBFC9}"
EndProject
Project("{9A19103F-16F7-4668-BE54-9A1E7A4F7556}") = "FitOl.Service", "FitOl.Service\FitOl.Service.csproj", "{BB071543-37C3-40A9-8B6F-4C700E3FC059}"
EndProject
Project("{9A19103F-16F7-4668-BE54-9A1E7A4F7556}") = "FitOl.WebAPI", "FitOl.WebAPI\FitOl.WebAPI.csproj", "{D7679305-A7E3-4479-8F0C-F8DF5CFB9DE9}"
EndProject
Global
	GlobalSection(SolutionConfigurationPlatforms) = preSolution
		Debug|Any CPU = Debug|Any CPU
		Release|Any CPU = Release|Any CPU
	EndGlobalSection
	GlobalSection(ProjectConfigurationPlatforms) = postSolution
		{4CFDA4F7-5705-4625-B88A-7893C9F89B30}.Debug|Any CPU.ActiveCfg = Debug|Any CPU
		{4CFDA4F7-5705-4625-B88A-7893C9F89B30}.Debug|Any CPU.Build.0 = Debug|Any CPU
		{4CFDA4F7-5705-4625-B88A-7893C9F89B30}.Release|Any CPU.ActiveCfg = Release|Any CPU
		{4CFDA4F7-5705-4625-B88A-7893C9F89B30}.Release|Any CPU.Build.0 = Release|Any CPU
		{2C5493B9-3B7D-4CFE-AE8E-29036D1EBFC9}.Debug|Any CPU.ActiveCfg = Debug|Any CPU
		{2C5493B9-3B7D-4CFE-AE8E-29036D1EBFC9}.Debug|Any CPU.Build.0 = Debug|Any CPU
		{2C5493B9-3B7D-4CFE-AE8E-29036D1EBFC9}.Release|Any CPU.ActiveCfg = Release|Any CPU
		{2C5493B9-3B7D-4CFE-AE8E-29036D1EBFC9}.Release|Any CPU.Build.0 = Release|Any CPU
		{BB071543-37C3-40A9-8B6F-4C700E3FC059}.Debug|Any CPU.ActiveCfg = Debug|Any CPU
		{BB071543-37C3-40A9-8B6F-4C700E3FC059}.Debug|Any CPU.Build.0 = Debug|Any CPU
		{BB071543-37C3-40A9-8B6F-4C700E3FC059}.Release|Any CPU.ActiveCfg = Release|Any CPU
		{BB071543-37C3-40A9-8B6F-4C700E3FC059}.Release|Any CPU.Build.0 = Release|Any CPU
		{D7679305-A7E3-4479-8F0C-F8DF5CFB9DE9}.Debug|Any CPU.ActiveCfg = Debug|Any CPU
		{D7679305-A7E3-4479-8F0C-F8DF5CFB9DE9}.Debug|Any CPU.Build.0 = Debug|Any CPU
		{D7679305-A7E3-4479-8F0C-F8DF5CFB9DE9}.Release|Any CPU.ActiveCfg = Release|Any CPU
		{D7679305-A7E3-4479-8F0C-F8DF5CFB9DE9}.Release|Any CPU.Build.0 = Release|Any CPU
	EndGlobalSection
	GlobalSection(SolutionProperties) = preSolution
		HideSolutionNode = FALSE
	EndGlobalSection
	GlobalSection(ExtensibilityGlobals) = postSolution
		SolutionGuid = {BE8386CC-993E-42E5-8A2D-58AD099A9817}
	EndGlobalSection
EndGlobal
